
Microsoft Visual Studio Solution File, Format Version 12.00
# Visual Studio Version 17
VisualStudioVersion = 17.3.32819.101
MinimumVisualStudioVersion = 10.0.40219.1
Project("{FAE04EC0-301F-11D3-BF4B-00C04F79EFBC}") = "BeatEvaluatorGUI", "BeatEvaluatorGUI\BeatEvaluatorGUI.csproj", "{7968F1EF-EBAB-4CE8-B9F7-C90FD6AE7C68}"
EndProject
Global
	GlobalSection(SolutionConfigurationPlatforms) = preSolution
		Debug|Any CPU = Debug|Any CPU
		Release|Any CPU = Release|Any CPU
	EndGlobalSection
	GlobalSection(ProjectConfigurationPlatforms) = postSolution
		{7968F1EF-EBAB-4CE8-B9F7-C90FD6AE7C68}.Debug|Any CPU.ActiveCfg = Debug|Any CPU
		{7968F1EF-EBAB-4CE8-B9F7-C90FD6AE7C68}.Debug|Any CPU.Build.0 = Debug|Any CPU
		{7968F1EF-EBAB-4CE8-B9F7-C90FD6AE7C68}.Release|Any CPU.ActiveCfg = Release|Any CPU
		{7968F1EF-EBAB-4CE8-B9F7-C90FD6AE7C68}.Release|Any CPU.Build.0 = Release|Any CPU
	EndGlobalSection
	GlobalSection(SolutionProperties) = preSolution
		HideSolutionNode = FALSE
	EndGlobalSection
	GlobalSection(ExtensibilityGlobals) = postSolution
		SolutionGuid = {979F922E-82EE-456F-BF5D-3AD142232C3B}
	EndGlobalSection
EndGlobal
